{
  "version": 4,
  "terraform_version": "1.5.7",
  "serial": 1,
  "lineage": "dd83e631-4470-4954-b128-f15ac56ce30c",
  "outputs": {},
  "resources": [
    {
      "mode": "managed",
      "type": "aws_lightsail_instance",
      "name": "custom",
      "provider": "provider[\"registry.terraform.io/hashicorp/aws\"]",
      "instances": [
        {
          "schema_version": 0,
          "attributes": {
            "add_on": [],
            "arn": "arn:aws:lightsail:us-east-1:580960177712:Instance/cd06758a-9eff-49be-9eaf-e9709ddec596",
            "availability_zone": "us-east-1b",
            "blueprint_id": "amazon_linux_2",
            "bundle_id": "nano_3_0",
            "cpu_count": 2,
            "created_at": "2024-05-30T22:16:10Z",
            "id": "myserver",
            "ip_address_type": "dualstack",
            "ipv6_address": "2600:1f18:2fc2:8901:a48f:908b:346e:f9c7",
            "ipv6_addresses": [
              "2600:1f18:2fc2:8901:a48f:908b:346e:f9c7"
            ],
            "is_static_ip": false,
            "key_pair_name": "week2",
            "name": "myserver",
            "private_ip_address": "172.26.31.4",
            "public_ip_address": "54.209.253.1",
            "ram_size": 0.5,
            "tags": {
              "Team": "DevOps",
              "create_by": "terraform",
              "env": "dev"
            },
            "tags_all": {
              "Team": "DevOps",
              "create_by": "terraform",
              "env": "dev"
            },
            "user_data": "sudo yum install -y httpd \u0026\u0026 sudo systemctl start httpd \u0026\u0026 sudo systemctl enable httpd \u0026\u0026 echo '\u003ch1\u003eDeployed via Terraform\u003c/h1\u003e' | sudo tee /var/www/html/index.html",
            "username": "ec2-user"
          },
          "sensitive_attributes": [],
          "private": "bnVsbA=="
        }
      ]
    }
  ],
  "check_results": null
}
