{
  "version": 4,
  "terraform_version": "1.5.7",
  "serial": 3,
  "lineage": "561ab480-190e-9f6f-45bb-740a450b942d",
  "outputs": {
    "My_username": {
      "value": "ec2-user",
      "type": "string"
    },
    "my-public-ip": {
      "value": "52.90.32.37",
      "type": "string"
    },
    "my_key": {
      "value": "week2",
      "type": "string"
    }
  },
  "resources": [
    {
      "mode": "managed",
      "type": "aws_lightsail_instance",
      "name": "custom",
      "provider": "provider[\"registry.terraform.io/hashicorp/aws\"]",
      "instances": [
        {
          "schema_version": 0,
          "attributes": {
            "add_on": [],
            "arn": "arn:aws:lightsail:us-east-1:580960177712:Instance/526e6067-75e0-4d51-9a3e-5bb567755756",
            "availability_zone": "us-east-1b",
            "blueprint_id": "amazon_linux_2",
            "bundle_id": "nano_3_0",
            "cpu_count": 2,
            "created_at": "2024-05-30T22:30:52Z",
            "id": "custom",
            "ip_address_type": "dualstack",
            "ipv6_address": "2600:1f18:2fc2:8901:b7bc:aa1b:63d3:a427",
            "ipv6_addresses": [
              "2600:1f18:2fc2:8901:b7bc:aa1b:63d3:a427"
            ],
            "is_static_ip": false,
            "key_pair_name": "week2",
            "name": "custom",
            "private_ip_address": "172.26.31.189",
            "public_ip_address": "52.90.32.37",
            "ram_size": 0.5,
            "tags": {
              "Team": "DevOps",
              "create_by": "terraform",
              "env": "dev"
            },
            "tags_all": {
              "Team": "DevOps",
              "create_by": "terraform",
              "env": "dev"
            },
            "user_data": "sudo yum install -y httpd \u0026\u0026 sudo systemctl start httpd \u0026\u0026 sudo systemctl enable httpd \u0026\u0026 echo '\u003ch1\u003eDeployed via Terraform\u003c/h1\u003e' | sudo tee /var/www/html/index.html",
            "username": "ec2-user"
          },
          "sensitive_attributes": [],
          "private": "bnVsbA=="
        }
      ]
    }
  ],
  "check_results": null
}
